
Microsoft Visual Studio Solution File, Format Version 12.00
# Visual Studio Version 16
VisualStudioVersion = 16.0.31402.337
MinimumVisualStudioVersion = 10.0.40219.1
Project("{9A19103F-16F7-4668-BE54-9A1E7A4F7556}") = "InflationAnalysis", "InflationAnalysis\InflationAnalysis.csproj", "{1301DD43-31D6-4D90-9A1C-2837B2EC41DE}"
EndProject
Project("{FAE04EC0-301F-11D3-BF4B-00C04F79EFBC}") = "ConsoleAppStocks", "ConsoleAppStocks\ConsoleAppStocks.csproj", "{73B3D632-41CE-4219-8C5A-B90A957A93C3}"
EndProject
Global
	GlobalSection(SolutionConfigurationPlatforms) = preSolution
		Debug|Any CPU = Debug|Any CPU
		Release|Any CPU = Release|Any CPU
	EndGlobalSection
	GlobalSection(ProjectConfigurationPlatforms) = postSolution
		{1301DD43-31D6-4D90-9A1C-2837B2EC41DE}.Debug|Any CPU.ActiveCfg = Debug|Any CPU
		{1301DD43-31D6-4D90-9A1C-2837B2EC41DE}.Debug|Any CPU.Build.0 = Debug|Any CPU
		{1301DD43-31D6-4D90-9A1C-2837B2EC41DE}.Release|Any CPU.ActiveCfg = Release|Any CPU
		{1301DD43-31D6-4D90-9A1C-2837B2EC41DE}.Release|Any CPU.Build.0 = Release|Any CPU
		{73B3D632-41CE-4219-8C5A-B90A957A93C3}.Debug|Any CPU.ActiveCfg = Debug|Any CPU
		{73B3D632-41CE-4219-8C5A-B90A957A93C3}.Debug|Any CPU.Build.0 = Debug|Any CPU
		{73B3D632-41CE-4219-8C5A-B90A957A93C3}.Release|Any CPU.ActiveCfg = Release|Any CPU
		{73B3D632-41CE-4219-8C5A-B90A957A93C3}.Release|Any CPU.Build.0 = Release|Any CPU
	EndGlobalSection
	GlobalSection(SolutionProperties) = preSolution
		HideSolutionNode = FALSE
	EndGlobalSection
	GlobalSection(ExtensibilityGlobals) = postSolution
		SolutionGuid = {A00D8363-7A8E-423C-B3BB-0D89E187AE14}
	EndGlobalSection
EndGlobal
